{
  "version": "3",
  "packages": {
    "specifiers": {
      "jsr:@std/dotenv@^0.224.0": "jsr:@std/dotenv@0.224.0"
    },
    "jsr": {
      "@std/dotenv@0.224.0": {
        "integrity": "d9234cdf551507dcda60abb6c474289843741d8c07ee8ce540c60f5c1b220a1d"
      }
    }
  },
  "remote": {},
  "workspace": {
    "dependencies": [
      "jsr:@std/dotenv@^0.224.0"
    ]
  }
}
