{
  "version": "3",
  "packages": {
    "specifiers": {
      "jsr:@std/assert@^1.0.16": "jsr:@std/assert@1.0.19",
      "jsr:@std/internal@^1.0.12": "jsr:@std/internal@1.0.12",
      "npm:zod@^4.1.13": "npm:zod@4.3.6"
    },
    "jsr": {
      "@std/assert@1.0.19": {
        "integrity": "eaada96ee120cb980bc47e040f82814d786fe8162ecc53c91d8df60b8755991e",
        "dependencies": [
          "jsr:@std/internal@^1.0.12"
        ]
      },
      "@std/internal@1.0.12": {
        "integrity": "972a634fd5bc34b242024402972cd5143eac68d8dffaca5eaa4dba30ce17b027"
      }
    },
    "npm": {
      "zod@4.3.6": {
        "integrity": "sha512-rftlrkhHZOcjDwkGlnUtZZkvaPHCsDATp4pGpuOOMDaTdDDXF91wuVDJoWoPsKX/3YPQ5fHuF3STjcYyKr+Qhg==",
        "dependencies": {}
      }
    }
  },
  "remote": {},
  "workspace": {
    "dependencies": [
      "jsr:@std/assert@^1.0.16",
      "npm:zod@^4.1.13"
    ],
    "packageJson": {
      "dependencies": [
        "npm:zod@^4.1.13"
      ]
    }
  }
}
